
Microsoft Visual Studio Solution File, Format Version 12.00
# Visual Studio Version 17
VisualStudioVersion = 17.4.33103.184
MinimumVisualStudioVersion = 10.0.40219.1
Project("{2150E333-8FDC-42A3-9474-1A3956D46DE8}") = "BuildingBlocks", "BuildingBlocks", "{630E7E34-121F-4C9B-960A-7C11B3208756}"
EndProject
Project("{9A19103F-16F7-4668-BE54-9A1E7A4F7556}") = "EventBus", "BuildingBlocks\EventBus\EventBus.csproj", "{EC3553F3-202F-4B08-9F2C-C4E4A5736869}"
EndProject
Project("{9A19103F-16F7-4668-BE54-9A1E7A4F7556}") = "IntegrationEventLogEF", "BuildingBlocks\IntegrationEventLogEF\IntegrationEventLogEF.csproj", "{C97F1D82-9046-4BEE-BE3B-699015DF6C11}"
EndProject
Project("{9A19103F-16F7-4668-BE54-9A1E7A4F7556}") = "Product.Api", "Product.Api\Product.Api.csproj", "{540CC744-A24F-4556-8DDF-0018B73F1A50}"
EndProject
Project("{9A19103F-16F7-4668-BE54-9A1E7A4F7556}") = "Product.Domain", "Product.Domain\Product.Domain.csproj", "{620302C4-9CDB-4CBD-8AC7-57CA21BADF24}"
EndProject
Project("{9A19103F-16F7-4668-BE54-9A1E7A4F7556}") = "Product.Infrastructure", "Product.Infrastructure\Product.Infrastructure.csproj", "{E27EE84D-B932-4EB6-8E9F-2C35B49F7041}"
EndProject
Project("{2150E333-8FDC-42A3-9474-1A3956D46DE8}") = "Persentation", "Persentation", "{813686B3-9FF0-4A27-8619-8F44D174A7E5}"
EndProject
Project("{2150E333-8FDC-42A3-9474-1A3956D46DE8}") = "Infra", "Infra", "{EDD48C14-DE38-4345-96B5-CD859EDB5E08}"
EndProject
Project("{2150E333-8FDC-42A3-9474-1A3956D46DE8}") = "Domain", "Domain", "{909142D9-458B-4F5D-A8BB-AB28DA5DE205}"
EndProject
Project("{FAE04EC0-301F-11D3-BF4B-00C04F79EFBC}") = "Product.Infrastructure.Data", "Product.Infrastructure.Data\Product.Infrastructure.Data.csproj", "{A5A2F94E-9885-43BB-85D3-A21C0C0A739A}"
EndProject
Global
	GlobalSection(SolutionConfigurationPlatforms) = preSolution
		Debug|Any CPU = Debug|Any CPU
		Debug|x64 = Debug|x64
		Debug|x86 = Debug|x86
		Release|Any CPU = Release|Any CPU
		Release|x64 = Release|x64
		Release|x86 = Release|x86
	EndGlobalSection
	GlobalSection(ProjectConfigurationPlatforms) = postSolution
		{EC3553F3-202F-4B08-9F2C-C4E4A5736869}.Debug|Any CPU.ActiveCfg = Debug|Any CPU
		{EC3553F3-202F-4B08-9F2C-C4E4A5736869}.Debug|Any CPU.Build.0 = Debug|Any CPU
		{EC3553F3-202F-4B08-9F2C-C4E4A5736869}.Debug|x64.ActiveCfg = Debug|Any CPU
		{EC3553F3-202F-4B08-9F2C-C4E4A5736869}.Debug|x64.Build.0 = Debug|Any CPU
		{EC3553F3-202F-4B08-9F2C-C4E4A5736869}.Debug|x86.ActiveCfg = Debug|Any CPU
		{EC3553F3-202F-4B08-9F2C-C4E4A5736869}.Debug|x86.Build.0 = Debug|Any CPU
		{EC3553F3-202F-4B08-9F2C-C4E4A5736869}.Release|Any CPU.ActiveCfg = Release|Any CPU
		{EC3553F3-202F-4B08-9F2C-C4E4A5736869}.Release|Any CPU.Build.0 = Release|Any CPU
		{EC3553F3-202F-4B08-9F2C-C4E4A5736869}.Release|x64.ActiveCfg = Release|Any CPU
		{EC3553F3-202F-4B08-9F2C-C4E4A5736869}.Release|x64.Build.0 = Release|Any CPU
		{EC3553F3-202F-4B08-9F2C-C4E4A5736869}.Release|x86.ActiveCfg = Release|Any CPU
		{EC3553F3-202F-4B08-9F2C-C4E4A5736869}.Release|x86.Build.0 = Release|Any CPU
		{C97F1D82-9046-4BEE-BE3B-699015DF6C11}.Debug|Any CPU.ActiveCfg = Debug|Any CPU
		{C97F1D82-9046-4BEE-BE3B-699015DF6C11}.Debug|Any CPU.Build.0 = Debug|Any CPU
		{C97F1D82-9046-4BEE-BE3B-699015DF6C11}.Debug|x64.ActiveCfg = Debug|Any CPU
		{C97F1D82-9046-4BEE-BE3B-699015DF6C11}.Debug|x64.Build.0 = Debug|Any CPU
		{C97F1D82-9046-4BEE-BE3B-699015DF6C11}.Debug|x86.ActiveCfg = Debug|Any CPU
		{C97F1D82-9046-4BEE-BE3B-699015DF6C11}.Debug|x86.Build.0 = Debug|Any CPU
		{C97F1D82-9046-4BEE-BE3B-699015DF6C11}.Release|Any CPU.ActiveCfg = Release|Any CPU
		{C97F1D82-9046-4BEE-BE3B-699015DF6C11}.Release|Any CPU.Build.0 = Release|Any CPU
		{C97F1D82-9046-4BEE-BE3B-699015DF6C11}.Release|x64.ActiveCfg = Release|Any CPU
		{C97F1D82-9046-4BEE-BE3B-699015DF6C11}.Release|x64.Build.0 = Release|Any CPU
		{C97F1D82-9046-4BEE-BE3B-699015DF6C11}.Release|x86.ActiveCfg = Release|Any CPU
		{C97F1D82-9046-4BEE-BE3B-699015DF6C11}.Release|x86.Build.0 = Release|Any CPU
		{540CC744-A24F-4556-8DDF-0018B73F1A50}.Debug|Any CPU.ActiveCfg = Debug|Any CPU
		{540CC744-A24F-4556-8DDF-0018B73F1A50}.Debug|Any CPU.Build.0 = Debug|Any CPU
		{540CC744-A24F-4556-8DDF-0018B73F1A50}.Debug|x64.ActiveCfg = Debug|Any CPU
		{540CC744-A24F-4556-8DDF-0018B73F1A50}.Debug|x64.Build.0 = Debug|Any CPU
		{540CC744-A24F-4556-8DDF-0018B73F1A50}.Debug|x86.ActiveCfg = Debug|Any CPU
		{540CC744-A24F-4556-8DDF-0018B73F1A50}.Debug|x86.Build.0 = Debug|Any CPU
		{540CC744-A24F-4556-8DDF-0018B73F1A50}.Release|Any CPU.ActiveCfg = Release|Any CPU
		{540CC744-A24F-4556-8DDF-0018B73F1A50}.Release|Any CPU.Build.0 = Release|Any CPU
		{540CC744-A24F-4556-8DDF-0018B73F1A50}.Release|x64.ActiveCfg = Release|Any CPU
		{540CC744-A24F-4556-8DDF-0018B73F1A50}.Release|x64.Build.0 = Release|Any CPU
		{540CC744-A24F-4556-8DDF-0018B73F1A50}.Release|x86.ActiveCfg = Release|Any CPU
		{540CC744-A24F-4556-8DDF-0018B73F1A50}.Release|x86.Build.0 = Release|Any CPU
		{620302C4-9CDB-4CBD-8AC7-57CA21BADF24}.Debug|Any CPU.ActiveCfg = Debug|Any CPU
		{620302C4-9CDB-4CBD-8AC7-57CA21BADF24}.Debug|Any CPU.Build.0 = Debug|Any CPU
		{620302C4-9CDB-4CBD-8AC7-57CA21BADF24}.Debug|x64.ActiveCfg = Debug|Any CPU
		{620302C4-9CDB-4CBD-8AC7-57CA21BADF24}.Debug|x64.Build.0 = Debug|Any CPU
		{620302C4-9CDB-4CBD-8AC7-57CA21BADF24}.Debug|x86.ActiveCfg = Debug|Any CPU
		{620302C4-9CDB-4CBD-8AC7-57CA21BADF24}.Debug|x86.Build.0 = Debug|Any CPU
		{620302C4-9CDB-4CBD-8AC7-57CA21BADF24}.Release|Any CPU.ActiveCfg = Release|Any CPU
		{620302C4-9CDB-4CBD-8AC7-57CA21BADF24}.Release|Any CPU.Build.0 = Release|Any CPU
		{620302C4-9CDB-4CBD-8AC7-57CA21BADF24}.Release|x64.ActiveCfg = Release|Any CPU
		{620302C4-9CDB-4CBD-8AC7-57CA21BADF24}.Release|x64.Build.0 = Release|Any CPU
		{620302C4-9CDB-4CBD-8AC7-57CA21BADF24}.Release|x86.ActiveCfg = Release|Any CPU
		{620302C4-9CDB-4CBD-8AC7-57CA21BADF24}.Release|x86.Build.0 = Release|Any CPU
		{E27EE84D-B932-4EB6-8E9F-2C35B49F7041}.Debug|Any CPU.ActiveCfg = Debug|Any CPU
		{E27EE84D-B932-4EB6-8E9F-2C35B49F7041}.Debug|Any CPU.Build.0 = Debug|Any CPU
		{E27EE84D-B932-4EB6-8E9F-2C35B49F7041}.Debug|x64.ActiveCfg = Debug|Any CPU
		{E27EE84D-B932-4EB6-8E9F-2C35B49F7041}.Debug|x64.Build.0 = Debug|Any CPU
		{E27EE84D-B932-4EB6-8E9F-2C35B49F7041}.Debug|x86.ActiveCfg = Debug|Any CPU
		{E27EE84D-B932-4EB6-8E9F-2C35B49F7041}.Debug|x86.Build.0 = Debug|Any CPU
		{E27EE84D-B932-4EB6-8E9F-2C35B49F7041}.Release|Any CPU.ActiveCfg = Release|Any CPU
		{E27EE84D-B932-4EB6-8E9F-2C35B49F7041}.Release|Any CPU.Build.0 = Release|Any CPU
		{E27EE84D-B932-4EB6-8E9F-2C35B49F7041}.Release|x64.ActiveCfg = Release|Any CPU
		{E27EE84D-B932-4EB6-8E9F-2C35B49F7041}.Release|x64.Build.0 = Release|Any CPU
		{E27EE84D-B932-4EB6-8E9F-2C35B49F7041}.Release|x86.ActiveCfg = Release|Any CPU
		{E27EE84D-B932-4EB6-8E9F-2C35B49F7041}.Release|x86.Build.0 = Release|Any CPU
		{A5A2F94E-9885-43BB-85D3-A21C0C0A739A}.Debug|Any CPU.ActiveCfg = Debug|Any CPU
		{A5A2F94E-9885-43BB-85D3-A21C0C0A739A}.Debug|Any CPU.Build.0 = Debug|Any CPU
		{A5A2F94E-9885-43BB-85D3-A21C0C0A739A}.Debug|x64.ActiveCfg = Debug|Any CPU
		{A5A2F94E-9885-43BB-85D3-A21C0C0A739A}.Debug|x64.Build.0 = Debug|Any CPU
		{A5A2F94E-9885-43BB-85D3-A21C0C0A739A}.Debug|x86.ActiveCfg = Debug|Any CPU
		{A5A2F94E-9885-43BB-85D3-A21C0C0A739A}.Debug|x86.Build.0 = Debug|Any CPU
		{A5A2F94E-9885-43BB-85D3-A21C0C0A739A}.Release|Any CPU.ActiveCfg = Release|Any CPU
		{A5A2F94E-9885-43BB-85D3-A21C0C0A739A}.Release|Any CPU.Build.0 = Release|Any CPU
		{A5A2F94E-9885-43BB-85D3-A21C0C0A739A}.Release|x64.ActiveCfg = Release|Any CPU
		{A5A2F94E-9885-43BB-85D3-A21C0C0A739A}.Release|x64.Build.0 = Release|Any CPU
		{A5A2F94E-9885-43BB-85D3-A21C0C0A739A}.Release|x86.ActiveCfg = Release|Any CPU
		{A5A2F94E-9885-43BB-85D3-A21C0C0A739A}.Release|x86.Build.0 = Release|Any CPU
	EndGlobalSection
	GlobalSection(SolutionProperties) = preSolution
		HideSolutionNode = FALSE
	EndGlobalSection
	GlobalSection(NestedProjects) = preSolution
		{EC3553F3-202F-4B08-9F2C-C4E4A5736869} = {630E7E34-121F-4C9B-960A-7C11B3208756}
		{C97F1D82-9046-4BEE-BE3B-699015DF6C11} = {630E7E34-121F-4C9B-960A-7C11B3208756}
		{540CC744-A24F-4556-8DDF-0018B73F1A50} = {813686B3-9FF0-4A27-8619-8F44D174A7E5}
		{620302C4-9CDB-4CBD-8AC7-57CA21BADF24} = {909142D9-458B-4F5D-A8BB-AB28DA5DE205}
		{E27EE84D-B932-4EB6-8E9F-2C35B49F7041} = {EDD48C14-DE38-4345-96B5-CD859EDB5E08}
		{A5A2F94E-9885-43BB-85D3-A21C0C0A739A} = {EDD48C14-DE38-4345-96B5-CD859EDB5E08}
	EndGlobalSection
	GlobalSection(ExtensibilityGlobals) = postSolution
		SolutionGuid = {E9CFFF27-65D5-4777-9523-4A3BF4BADAB5}
	EndGlobalSection
EndGlobal
